// !$*UTF8*$!
{
	archiveVersion = 1;
	classes = {
	};
	objectVersion = 56;
	objects = {

/* Begin PBXBuildFile section */
		6004E37A2B83B84D00BEB7CD /* Portfolio.swift in Sources */ = {isa = PBXBuildFile; fileRef = 6004E3792B83B84D00BEB7CD /* Portfolio.swift */; };
		6004E37B2B83B84D00BEB7CD /* AiResults.swift in Sources */ = {isa = PBXBuildFile; fileRef = 6004E3782B83B84D00BEB7CD /* AiResults.swift */; };
		6004E3842B83B99700BEB7CD /* AiResultsViewModel.swift in Sources */ = {isa = PBXBuildFile; fileRef = 6004E3822B83B99700BEB7CD /* AiResultsViewModel.swift */; };
		6004E3852B83B99700BEB7CD /* PortfolioViewModel.swift in Sources */ = {isa = PBXBuildFile; fileRef = 6004E3832B83B99700BEB7CD /* PortfolioViewModel.swift */; };
		6004E3892B83B99D00BEB7CD /* AiResultsView.swift in Sources */ = {isa = PBXBuildFile; fileRef = 6004E3882B83B99D00BEB7CD /* AiResultsView.swift */; };
		6004E38A2B83B99D00BEB7CD /* PortfolioView.swift in Sources */ = {isa = PBXBuildFile; fileRef = 6004E3872B83B99D00BEB7CD /* PortfolioView.swift */; };
		6006E03A2B90824D00235F63 /* Media.xcassets in Resources */ = {isa = PBXBuildFile; fileRef = 6006E0392B90824D00235F63 /* Media.xcassets */; };
		600D3FD32B861BD100B3A545 /* Localization.xcstrings in Resources */ = {isa = PBXBuildFile; fileRef = 600D3FD22B861BD100B3A545 /* Localization.xcstrings */; };
		6051F0272B8396C2005DA335 /* Salai_App.swift in Sources */ = {isa = PBXBuildFile; fileRef = 6051F0262B8396C2005DA335 /* Salai_App.swift */; };
		6051F0292B8396C2005DA335 /* ContentView.swift in Sources */ = {isa = PBXBuildFile; fileRef = 6051F0282B8396C2005DA335 /* ContentView.swift */; };
		6051F02B2B8396C5005DA335 /* Assets.xcassets in Resources */ = {isa = PBXBuildFile; fileRef = 6051F02A2B8396C5005DA335 /* Assets.xcassets */; };
		6051F02E2B8396C5005DA335 /* Preview Assets.xcassets in Resources */ = {isa = PBXBuildFile; fileRef = 6051F02D2B8396C5005DA335 /* Preview Assets.xcassets */; };
		6051F0392B8396C5005DA335 /* Salai_Tests.swift in Sources */ = {isa = PBXBuildFile; fileRef = 6051F0382B8396C5005DA335 /* Salai_Tests.swift */; };
		6051F0432B8396C5005DA335 /* Salai_UITests.swift in Sources */ = {isa = PBXBuildFile; fileRef = 6051F0422B8396C5005DA335 /* Salai_UITests.swift */; };
		6051F0452B8396C5005DA335 /* Salai_UITestsLaunchTests.swift in Sources */ = {isa = PBXBuildFile; fileRef = 6051F0442B8396C5005DA335 /* Salai_UITestsLaunchTests.swift */; };
		60684D642B8BA4DF0038224B /* WaitingView.swift in Sources */ = {isa = PBXBuildFile; fileRef = 60684D632B8BA4DE0038224B /* WaitingView.swift */; };
		60684D662B8BA67B0038224B /* ContainerView.swift in Sources */ = {isa = PBXBuildFile; fileRef = 60684D652B8BA67B0038224B /* ContainerView.swift */; };
		609F37602B8C8E6700D4D54F /* Sketches in Resources */ = {isa = PBXBuildFile; fileRef = 609F375F2B8C8E6700D4D54F /* Sketches */; };
		609F376E2B8CE67D00D4D54F /* CanvaView.swift in Sources */ = {isa = PBXBuildFile; fileRef = 609F376D2B8CE67D00D4D54F /* CanvaView.swift */; };
		60EA47BA2B949893003C7134 /* PromptView.swift in Sources */ = {isa = PBXBuildFile; fileRef = 60EA47B92B949893003C7134 /* PromptView.swift */; };
/* End PBXBuildFile section */

/* Begin PBXContainerItemProxy section */
		6051F0352B8396C5005DA335 /* PBXContainerItemProxy */ = {
			isa = PBXContainerItemProxy;
			containerPortal = 6051F01B2B8396C2005DA335 /* Project object */;
			proxyType = 1;
			remoteGlobalIDString = 6051F0222B8396C2005DA335;
			remoteInfo = "Salaì";
		};
		6051F03F2B8396C5005DA335 /* PBXContainerItemProxy */ = {
			isa = PBXContainerItemProxy;
			containerPortal = 6051F01B2B8396C2005DA335 /* Project object */;
			proxyType = 1;
			remoteGlobalIDString = 6051F0222B8396C2005DA335;
			remoteInfo = "Salaì";
		};
/* End PBXContainerItemProxy section */

/* Begin PBXFileReference section */
		6004E3782B83B84D00BEB7CD /* AiResults.swift */ = {isa = PBXFileReference; lastKnownFileType = sourcecode.swift; path = AiResults.swift; sourceTree = "<group>"; };
		6004E3792B83B84D00BEB7CD /* Portfolio.swift */ = {isa = PBXFileReference; lastKnownFileType = sourcecode.swift; path = Portfolio.swift; sourceTree = "<group>"; };
		6004E3822B83B99700BEB7CD /* AiResultsViewModel.swift */ = {isa = PBXFileReference; lastKnownFileType = sourcecode.swift; path = AiResultsViewModel.swift; sourceTree = "<group>"; };
		6004E3832B83B99700BEB7CD /* PortfolioViewModel.swift */ = {isa = PBXFileReference; lastKnownFileType = sourcecode.swift; path = PortfolioViewModel.swift; sourceTree = "<group>"; };
		6004E3872B83B99D00BEB7CD /* PortfolioView.swift */ = {isa = PBXFileReference; lastKnownFileType = sourcecode.swift; path = PortfolioView.swift; sourceTree = "<group>"; };
		6004E3882B83B99D00BEB7CD /* AiResultsView.swift */ = {isa = PBXFileReference; lastKnownFileType = sourcecode.swift; path = AiResultsView.swift; sourceTree = "<group>"; };
		6006E0392B90824D00235F63 /* Media.xcassets */ = {isa = PBXFileReference; lastKnownFileType = folder.assetcatalog; path = Media.xcassets; sourceTree = "<group>"; };
		600D3FD22B861BD100B3A545 /* Localization.xcstrings */ = {isa = PBXFileReference; lastKnownFileType = text.json.xcstrings; path = Localization.xcstrings; sourceTree = "<group>"; };
		6051F0232B8396C2005DA335 /* Salaì.app */ = {isa = PBXFileReference; explicitFileType = wrapper.application; includeInIndex = 0; path = "Salaì.app"; sourceTree = BUILT_PRODUCTS_DIR; };
		6051F0262B8396C2005DA335 /* Salai_App.swift */ = {isa = PBXFileReference; lastKnownFileType = sourcecode.swift; path = Salai_App.swift; sourceTree = "<group>"; };
		6051F0282B8396C2005DA335 /* ContentView.swift */ = {isa = PBXFileReference; lastKnownFileType = sourcecode.swift; path = ContentView.swift; sourceTree = "<group>"; };
		6051F02A2B8396C5005DA335 /* Assets.xcassets */ = {isa = PBXFileReference; lastKnownFileType = folder.assetcatalog; path = Assets.xcassets; sourceTree = "<group>"; };
		6051F02D2B8396C5005DA335 /* Preview Assets.xcassets */ = {isa = PBXFileReference; lastKnownFileType = folder.assetcatalog; path = "Preview Assets.xcassets"; sourceTree = "<group>"; };
		6051F02F2B8396C5005DA335 /* Salai_.entitlements */ = {isa = PBXFileReference; lastKnownFileType = text.plist.entitlements; path = Salai_.entitlements; sourceTree = "<group>"; };
		6051F0342B8396C5005DA335 /* SalaìTests.xctest */ = {isa = PBXFileReference; explicitFileType = wrapper.cfbundle; includeInIndex = 0; path = "SalaìTests.xctest"; sourceTree = BUILT_PRODUCTS_DIR; };
		6051F0382B8396C5005DA335 /* Salai_Tests.swift */ = {isa = PBXFileReference; lastKnownFileType = sourcecode.swift; path = Salai_Tests.swift; sourceTree = "<group>"; };
		6051F03E2B8396C5005DA335 /* SalaìUITests.xctest */ = {isa = PBXFileReference; explicitFileType = wrapper.cfbundle; includeInIndex = 0; path = "SalaìUITests.xctest"; sourceTree = BUILT_PRODUCTS_DIR; };
		6051F0422B8396C5005DA335 /* Salai_UITests.swift */ = {isa = PBXFileReference; lastKnownFileType = sourcecode.swift; path = Salai_UITests.swift; sourceTree = "<group>"; };
		6051F0442B8396C5005DA335 /* Salai_UITestsLaunchTests.swift */ = {isa = PBXFileReference; lastKnownFileType = sourcecode.swift; path = Salai_UITestsLaunchTests.swift; sourceTree = "<group>"; };
		60684D632B8BA4DE0038224B /* WaitingView.swift */ = {isa = PBXFileReference; lastKnownFileType = sourcecode.swift; path = WaitingView.swift; sourceTree = "<group>"; };
		60684D652B8BA67B0038224B /* ContainerView.swift */ = {isa = PBXFileReference; lastKnownFileType = sourcecode.swift; path = ContainerView.swift; sourceTree = "<group>"; };
		609F375F2B8C8E6700D4D54F /* Sketches */ = {isa = PBXFileReference; lastKnownFileType = folder; path = Sketches; sourceTree = "<group>"; };
		609F376D2B8CE67D00D4D54F /* CanvaView.swift */ = {isa = PBXFileReference; lastKnownFileType = sourcecode.swift; path = CanvaView.swift; sourceTree = "<group>"; };
		60EA47B82B93AB23003C7134 /* Salai--Info.plist */ = {isa = PBXFileReference; lastKnownFileType = text.plist; path = "Salai--Info.plist"; sourceTree = SOURCE_ROOT; };
		60EA47B92B949893003C7134 /* PromptView.swift */ = {isa = PBXFileReference; lastKnownFileType = sourcecode.swift; path = PromptView.swift; sourceTree = "<group>"; };
/* End PBXFileReference section */

/* Begin PBXFrameworksBuildPhase section */
		6051F0202B8396C2005DA335 /* Frameworks */ = {
			isa = PBXFrameworksBuildPhase;
			buildActionMask = 2147483647;
			files = (
			);
			runOnlyForDeploymentPostprocessing = 0;
		};
		6051F0312B8396C5005DA335 /* Frameworks */ = {
			isa = PBXFrameworksBuildPhase;
			buildActionMask = 2147483647;
			files = (
			);
			runOnlyForDeploymentPostprocessing = 0;
		};
		6051F03B2B8396C5005DA335 /* Frameworks */ = {
			isa = PBXFrameworksBuildPhase;
			buildActionMask = 2147483647;
			files = (
			);
			runOnlyForDeploymentPostprocessing = 0;
		};
/* End PBXFrameworksBuildPhase section */

/* Begin PBXGroup section */
		6004E3772B83B84D00BEB7CD /* Models */ = {
			isa = PBXGroup;
			children = (
				6004E3782B83B84D00BEB7CD /* AiResults.swift */,
				6004E3792B83B84D00BEB7CD /* Portfolio.swift */,
			);
			path = Models;
			sourceTree = "<group>";
		};
		6004E3812B83B99700BEB7CD /* ViewModel */ = {
			isa = PBXGroup;
			children = (
				6004E3822B83B99700BEB7CD /* AiResultsViewModel.swift */,
				6004E3832B83B99700BEB7CD /* PortfolioViewModel.swift */,
			);
			path = ViewModel;
			sourceTree = "<group>";
		};
		6004E3862B83B99D00BEB7CD /* Views */ = {
			isa = PBXGroup;
			children = (
				6004E3872B83B99D00BEB7CD /* PortfolioView.swift */,
				6004E3882B83B99D00BEB7CD /* AiResultsView.swift */,
			);
			path = Views;
			sourceTree = "<group>";
		};
		6051F01A2B8396C2005DA335 = {
			isa = PBXGroup;
			children = (
				60EA47B92B949893003C7134 /* PromptView.swift */,
				6006E0392B90824D00235F63 /* Media.xcassets */,
				60684D652B8BA67B0038224B /* ContainerView.swift */,
				60684D632B8BA4DE0038224B /* WaitingView.swift */,
				609F376D2B8CE67D00D4D54F /* CanvaView.swift */,
				600D3FD22B861BD100B3A545 /* Localization.xcstrings */,
				6004E3812B83B99700BEB7CD /* ViewModel */,
				6004E3862B83B99D00BEB7CD /* Views */,
				6004E3772B83B84D00BEB7CD /* Models */,
				6051F0252B8396C2005DA335 /* Salaì */,
				6051F0372B8396C5005DA335 /* SalaìTests */,
				6051F0412B8396C5005DA335 /* SalaìUITests */,
				6051F0242B8396C2005DA335 /* Products */,
				60684D602B8BA1400038224B /* Frameworks */,
				609F375F2B8C8E6700D4D54F /* Sketches */,
			);
			sourceTree = "<group>";
		};
		6051F0242B8396C2005DA335 /* Products */ = {
			isa = PBXGroup;
			children = (
				6051F0232B8396C2005DA335 /* Salaì.app */,
				6051F0342B8396C5005DA335 /* SalaìTests.xctest */,
				6051F03E2B8396C5005DA335 /* SalaìUITests.xctest */,
			);
			name = Products;
			sourceTree = "<group>";
		};
		6051F0252B8396C2005DA335 /* Salaì */ = {
			isa = PBXGroup;
			children = (
				60EA47B82B93AB23003C7134 /* Salai--Info.plist */,
				6051F0262B8396C2005DA335 /* Salai_App.swift */,
				6051F0282B8396C2005DA335 /* ContentView.swift */,
				6051F02A2B8396C5005DA335 /* Assets.xcassets */,
				6051F02F2B8396C5005DA335 /* Salai_.entitlements */,
				6051F02C2B8396C5005DA335 /* Preview Content */,
			);
			path = "Salaì";
			sourceTree = "<group>";
		};
		6051F02C2B8396C5005DA335 /* Preview Content */ = {
			isa = PBXGroup;
			children = (
				6051F02D2B8396C5005DA335 /* Preview Assets.xcassets */,
			);
			path = "Preview Content";
			sourceTree = "<group>";
		};
		6051F0372B8396C5005DA335 /* SalaìTests */ = {
			isa = PBXGroup;
			children = (
				6051F0382B8396C5005DA335 /* Salai_Tests.swift */,
			);
			path = "SalaìTests";
			sourceTree = "<group>";
		};
		6051F0412B8396C5005DA335 /* SalaìUITests */ = {
			isa = PBXGroup;
			children = (
				6051F0422B8396C5005DA335 /* Salai_UITests.swift */,
				6051F0442B8396C5005DA335 /* Salai_UITestsLaunchTests.swift */,
			);
			path = "SalaìUITests";
			sourceTree = "<group>";
		};
		60684D602B8BA1400038224B /* Frameworks */ = {
			isa = PBXGroup;
			children = (
			);
			name = Frameworks;
			sourceTree = "<group>";
		};
/* End PBXGroup section */

/* Begin PBXNativeTarget section */
		6051F0222B8396C2005DA335 /* Salaì */ = {
			isa = PBXNativeTarget;
			buildConfigurationList = 6051F0482B8396C5005DA335 /* Build configuration list for PBXNativeTarget "Salaì" */;
			buildPhases = (
				6051F01F2B8396C2005DA335 /* Sources */,
				6051F0202B8396C2005DA335 /* Frameworks */,
				6051F0212B8396C2005DA335 /* Resources */,
			);
			buildRules = (
			);
			dependencies = (
			);
			name = "Salaì";
			packageProductDependencies = (
			);
			productName = "Salaì";
			productReference = 6051F0232B8396C2005DA335 /* Salaì.app */;
			productType = "com.apple.product-type.application";
		};
		6051F0332B8396C5005DA335 /* SalaìTests */ = {
			isa = PBXNativeTarget;
			buildConfigurationList = 6051F04B2B8396C5005DA335 /* Build configuration list for PBXNativeTarget "SalaìTests" */;
			buildPhases = (
				6051F0302B8396C5005DA335 /* Sources */,
				6051F0312B8396C5005DA335 /* Frameworks */,
				6051F0322B8396C5005DA335 /* Resources */,
			);
			buildRules = (
			);
			dependencies = (
				6051F0362B8396C5005DA335 /* PBXTargetDependency */,
			);
			name = "SalaìTests";
			productName = "SalaìTests";
			productReference = 6051F0342B8396C5005DA335 /* SalaìTests.xctest */;
			productType = "com.apple.product-type.bundle.unit-test";
		};
		6051F03D2B8396C5005DA335 /* SalaìUITests */ = {
			isa = PBXNativeTarget;
			buildConfigurationList = 6051F04E2B8396C5005DA335 /* Build configuration list for PBXNativeTarget "SalaìUITests" */;
			buildPhases = (
				6051F03A2B8396C5005DA335 /* Sources */,
				6051F03B2B8396C5005DA335 /* Frameworks */,
				6051F03C2B8396C5005DA335 /* Resources */,
			);
			buildRules = (
			);
			dependencies = (
				6051F0402B8396C5005DA335 /* PBXTargetDependency */,
			);
			name = "SalaìUITests";
			productName = "SalaìUITests";
			productReference = 6051F03E2B8396C5005DA335 /* SalaìUITests.xctest */;
			productType = "com.apple.product-type.bundle.ui-testing";
		};
/* End PBXNativeTarget section */

/* Begin PBXProject section */
		6051F01B2B8396C2005DA335 /* Project object */ = {
			isa = PBXProject;
			attributes = {
				BuildIndependentTargetsInParallel = 1;
				LastSwiftUpdateCheck = 1500;
				LastUpgradeCheck = 1500;
				TargetAttributes = {
					6051F0222B8396C2005DA335 = {
						CreatedOnToolsVersion = 15.0;
					};
					6051F0332B8396C5005DA335 = {
						CreatedOnToolsVersion = 15.0;
						TestTargetID = 6051F0222B8396C2005DA335;
					};
					6051F03D2B8396C5005DA335 = {
						CreatedOnToolsVersion = 15.0;
						TestTargetID = 6051F0222B8396C2005DA335;
					};
				};
			};
			buildConfigurationList = 6051F01E2B8396C2005DA335 /* Build configuration list for PBXProject "Salaì" */;
			compatibilityVersion = "Xcode 14.0";
			developmentRegion = en;
			hasScannedForEncodings = 0;
			knownRegions = (
				en,
				Base,
				it,
			);
			mainGroup = 6051F01A2B8396C2005DA335;
			packageReferences = (
			);
			productRefGroup = 6051F0242B8396C2005DA335 /* Products */;
			projectDirPath = "";
			projectRoot = "";
			targets = (
				6051F0222B8396C2005DA335 /* Salaì */,
				6051F0332B8396C5005DA335 /* SalaìTests */,
				6051F03D2B8396C5005DA335 /* SalaìUITests */,
			);
		};
/* End PBXProject section */

/* Begin PBXResourcesBuildPhase section */
		6051F0212B8396C2005DA335 /* Resources */ = {
			isa = PBXResourcesBuildPhase;
			buildActionMask = 2147483647;
			files = (
				6006E03A2B90824D00235F63 /* Media.xcassets in Resources */,
				6051F02E2B8396C5005DA335 /* Preview Assets.xcassets in Resources */,
				6051F02B2B8396C5005DA335 /* Assets.xcassets in Resources */,
				600D3FD32B861BD100B3A545 /* Localization.xcstrings in Resources */,
				609F37602B8C8E6700D4D54F /* Sketches in Resources */,
			);
			runOnlyForDeploymentPostprocessing = 0;
		};
		6051F0322B8396C5005DA335 /* Resources */ = {
			isa = PBXResourcesBuildPhase;
			buildActionMask = 2147483647;
			files = (
			);
			runOnlyForDeploymentPostprocessing = 0;
		};
		6051F03C2B8396C5005DA335 /* Resources */ = {
			isa = PBXResourcesBuildPhase;
			buildActionMask = 2147483647;
			files = (
			);
			runOnlyForDeploymentPostprocessing = 0;
		};
/* End PBXResourcesBuildPhase section */

/* Begin PBXSourcesBuildPhase section */
		6051F01F2B8396C2005DA335 /* Sources */ = {
			isa = PBXSourcesBuildPhase;
			buildActionMask = 2147483647;
			files = (
				6004E3892B83B99D00BEB7CD /* AiResultsView.swift in Sources */,
				6004E38A2B83B99D00BEB7CD /* PortfolioView.swift in Sources */,
				60684D642B8BA4DF0038224B /* WaitingView.swift in Sources */,
				6004E37A2B83B84D00BEB7CD /* Portfolio.swift in Sources */,
				60EA47BA2B949893003C7134 /* PromptView.swift in Sources */,
				6004E37B2B83B84D00BEB7CD /* AiResults.swift in Sources */,
				6004E3842B83B99700BEB7CD /* AiResultsViewModel.swift in Sources */,
				6051F0292B8396C2005DA335 /* ContentView.swift in Sources */,
				609F376E2B8CE67D00D4D54F /* CanvaView.swift in Sources */,
				6004E3852B83B99700BEB7CD /* PortfolioViewModel.swift in Sources */,
				60684D662B8BA67B0038224B /* ContainerView.swift in Sources */,
				6051F0272B8396C2005DA335 /* Salai_App.swift in Sources */,
			);
			runOnlyForDeploymentPostprocessing = 0;
		};
		6051F0302B8396C5005DA335 /* Sources */ = {
			isa = PBXSourcesBuildPhase;
			buildActionMask = 2147483647;
			files = (
				6051F0392B8396C5005DA335 /* Salai_Tests.swift in Sources */,
			);
			runOnlyForDeploymentPostprocessing = 0;
		};
		6051F03A2B8396C5005DA335 /* Sources */ = {
			isa = PBXSourcesBuildPhase;
			buildActionMask = 2147483647;
			files = (
				6051F0432B8396C5005DA335 /* Salai_UITests.swift in Sources */,
				6051F0452B8396C5005DA335 /* Salai_UITestsLaunchTests.swift in Sources */,
			);
			runOnlyForDeploymentPostprocessing = 0;
		};
/* End PBXSourcesBuildPhase section */

/* Begin PBXTargetDependency section */
		6051F0362B8396C5005DA335 /* PBXTargetDependency */ = {
			isa = PBXTargetDependency;
			target = 6051F0222B8396C2005DA335 /* Salaì */;
			targetProxy = 6051F0352B8396C5005DA335 /* PBXContainerItemProxy */;
		};
		6051F0402B8396C5005DA335 /* PBXTargetDependency */ = {
			isa = PBXTargetDependency;
			target = 6051F0222B8396C2005DA335 /* Salaì */;
			targetProxy = 6051F03F2B8396C5005DA335 /* PBXContainerItemProxy */;
		};
/* End PBXTargetDependency section */

/* Begin XCBuildConfiguration section */
		6051F0462B8396C5005DA335 /* Debug */ = {
			isa = XCBuildConfiguration;
			buildSettings = {
				ALWAYS_SEARCH_USER_PATHS = NO;
				ASSETCATALOG_COMPILER_GENERATE_SWIFT_ASSET_SYMBOL_EXTENSIONS = YES;
				CLANG_ANALYZER_NONNULL = YES;
				CLANG_ANALYZER_NUMBER_OBJECT_CONVERSION = YES_AGGRESSIVE;
				CLANG_CXX_LANGUAGE_STANDARD = "gnu++20";
				CLANG_ENABLE_MODULES = YES;
				CLANG_ENABLE_OBJC_ARC = YES;
				CLANG_ENABLE_OBJC_WEAK = YES;
				CLANG_WARN_BLOCK_CAPTURE_AUTORELEASING = YES;
				CLANG_WARN_BOOL_CONVERSION = YES;
				CLANG_WARN_COMMA = YES;
				CLANG_WARN_CONSTANT_CONVERSION = YES;
				CLANG_WARN_DEPRECATED_OBJC_IMPLEMENTATIONS = YES;
				CLANG_WARN_DIRECT_OBJC_ISA_USAGE = YES_ERROR;
				CLANG_WARN_DOCUMENTATION_COMMENTS = YES;
				CLANG_WARN_EMPTY_BODY = YES;
				CLANG_WARN_ENUM_CONVERSION = YES;
				CLANG_WARN_INFINITE_RECURSION = YES;
				CLANG_WARN_INT_CONVERSION = YES;
				CLANG_WARN_NON_LITERAL_NULL_CONVERSION = YES;
				CLANG_WARN_OBJC_IMPLICIT_RETAIN_SELF = YES;
				CLANG_WARN_OBJC_LITERAL_CONVERSION = YES;
				CLANG_WARN_OBJC_ROOT_CLASS = YES_ERROR;
				CLANG_WARN_QUOTED_INCLUDE_IN_FRAMEWORK_HEADER = YES;
				CLANG_WARN_RANGE_LOOP_ANALYSIS = YES;
				CLANG_WARN_STRICT_PROTOTYPES = YES;
				CLANG_WARN_SUSPICIOUS_MOVE = YES;
				CLANG_WARN_UNGUARDED_AVAILABILITY = YES_AGGRESSIVE;
				CLANG_WARN_UNREACHABLE_CODE = YES;
				CLANG_WARN__DUPLICATE_METHOD_MATCH = YES;
				COPY_PHASE_STRIP = NO;
				DEBUG_INFORMATION_FORMAT = dwarf;
				ENABLE_STRICT_OBJC_MSGSEND = YES;
				ENABLE_TESTABILITY = YES;
				ENABLE_USER_SCRIPT_SANDBOXING = YES;
				GCC_C_LANGUAGE_STANDARD = gnu17;
				GCC_DYNAMIC_NO_PIC = NO;
				GCC_NO_COMMON_BLOCKS = YES;
				GCC_OPTIMIZATION_LEVEL = 0;
				GCC_PREPROCESSOR_DEFINITIONS = (
					"DEBUG=1",
					"$(inherited)",
				);
				GCC_WARN_64_TO_32_BIT_CONVERSION = YES;
				GCC_WARN_ABOUT_RETURN_TYPE = YES_ERROR;
				GCC_WARN_UNDECLARED_SELECTOR = YES;
				GCC_WARN_UNINITIALIZED_AUTOS = YES_AGGRESSIVE;
				GCC_WARN_UNUSED_FUNCTION = YES;
				GCC_WARN_UNUSED_VARIABLE = YES;
				LOCALIZATION_PREFERS_STRING_CATALOGS = YES;
				MACOSX_DEPLOYMENT_TARGET = 14.0;
				MTL_ENABLE_DEBUG_INFO = INCLUDE_SOURCE;
				MTL_FAST_MATH = YES;
				ONLY_ACTIVE_ARCH = YES;
				SDKROOT = macosx;
				SWIFT_ACTIVE_COMPILATION_CONDITIONS = "DEBUG $(inherited)";
				SWIFT_OPTIMIZATION_LEVEL = "-Onone";
			};
			name = Debug;
		};
		6051F0472B8396C5005DA335 /* Release */ = {
			isa = XCBuildConfiguration;
			buildSettings = {
				ALWAYS_SEARCH_USER_PATHS = NO;
				ASSETCATALOG_COMPILER_GENERATE_SWIFT_ASSET_SYMBOL_EXTENSIONS = YES;
				CLANG_ANALYZER_NONNULL = YES;
				CLANG_ANALYZER_NUMBER_OBJECT_CONVERSION = YES_AGGRESSIVE;
				CLANG_CXX_LANGUAGE_STANDARD = "gnu++20";
				CLANG_ENABLE_MODULES = YES;
				CLANG_ENABLE_OBJC_ARC = YES;
				CLANG_ENABLE_OBJC_WEAK = YES;
				CLANG_WARN_BLOCK_CAPTURE_AUTORELEASING = YES;
				CLANG_WARN_BOOL_CONVERSION = YES;
				CLANG_WARN_COMMA = YES;
				CLANG_WARN_CONSTANT_CONVERSION = YES;
				CLANG_WARN_DEPRECATED_OBJC_IMPLEMENTATIONS = YES;
				CLANG_WARN_DIRECT_OBJC_ISA_USAGE = YES_ERROR;
				CLANG_WARN_DOCUMENTATION_COMMENTS = YES;
				CLANG_WARN_EMPTY_BODY = YES;
				CLANG_WARN_ENUM_CONVERSION = YES;
				CLANG_WARN_INFINITE_RECURSION = YES;
				CLANG_WARN_INT_CONVERSION = YES;
				CLANG_WARN_NON_LITERAL_NULL_CONVERSION = YES;
				CLANG_WARN_OBJC_IMPLICIT_RETAIN_SELF = YES;
				CLANG_WARN_OBJC_LITERAL_CONVERSION = YES;
				CLANG_WARN_OBJC_ROOT_CLASS = YES_ERROR;
				CLANG_WARN_QUOTED_INCLUDE_IN_FRAMEWORK_HEADER = YES;
				CLANG_WARN_RANGE_LOOP_ANALYSIS = YES;
				CLANG_WARN_STRICT_PROTOTYPES = YES;
				CLANG_WARN_SUSPICIOUS_MOVE = YES;
				CLANG_WARN_UNGUARDED_AVAILABILITY = YES_AGGRESSIVE;
				CLANG_WARN_UNREACHABLE_CODE = YES;
				CLANG_WARN__DUPLICATE_METHOD_MATCH = YES;
				COPY_PHASE_STRIP = NO;
				DEBUG_INFORMATION_FORMAT = "dwarf-with-dsym";
				ENABLE_NS_ASSERTIONS = NO;
				ENABLE_STRICT_OBJC_MSGSEND = YES;
				ENABLE_USER_SCRIPT_SANDBOXING = YES;
				GCC_C_LANGUAGE_STANDARD = gnu17;
				GCC_NO_COMMON_BLOCKS = YES;
				GCC_WARN_64_TO_32_BIT_CONVERSION = YES;
				GCC_WARN_ABOUT_RETURN_TYPE = YES_ERROR;
				GCC_WARN_UNDECLARED_SELECTOR = YES;
				GCC_WARN_UNINITIALIZED_AUTOS = YES_AGGRESSIVE;
				GCC_WARN_UNUSED_FUNCTION = YES;
				GCC_WARN_UNUSED_VARIABLE = YES;
				LOCALIZATION_PREFERS_STRING_CATALOGS = YES;
				MACOSX_DEPLOYMENT_TARGET = 14.0;
				MTL_ENABLE_DEBUG_INFO = NO;
				MTL_FAST_MATH = YES;
				SDKROOT = macosx;
				SWIFT_COMPILATION_MODE = wholemodule;
			};
			name = Release;
		};
		6051F0492B8396C5005DA335 /* Debug */ = {
			isa = XCBuildConfiguration;
			buildSettings = {
				ASSETCATALOG_COMPILER_APPICON_NAME = AppIcon;
				ASSETCATALOG_COMPILER_GLOBAL_ACCENT_COLOR_NAME = AccentColor;
				BUILD_LIBRARY_FOR_DISTRIBUTION = NO;
				CODE_SIGN_ENTITLEMENTS = "Salaì/Salai_.entitlements";
				CODE_SIGN_IDENTITY = "Apple Development";
				CODE_SIGN_STYLE = Automatic;
				COMBINE_HIDPI_IMAGES = YES;
				CURRENT_PROJECT_VERSION = 1;
				DEVELOPMENT_ASSET_PATHS = "\"Salaì/Preview Content\"";
				DEVELOPMENT_TEAM = Z993Z64L49;
				ENABLE_HARDENED_RUNTIME = YES;
				ENABLE_PREVIEWS = YES;
				GENERATE_INFOPLIST_FILE = YES;
				INFOPLIST_FILE = "Salai--Info.plist";
				INFOPLIST_KEY_NSHumanReadableCopyright = "";
				INFOPLIST_KEY_UIStatusBarStyle = "";
				IPHONEOS_DEPLOYMENT_TARGET = 16.2;
				LD_RUNPATH_SEARCH_PATHS = (
					"$(inherited)",
					"@executable_path/../Frameworks",
				);
				MARKETING_VERSION = 1.0;
				PRODUCT_BUNDLE_IDENTIFIER = claudiomarciello.SalAI;
				PRODUCT_NAME = "$(TARGET_NAME)";
				PROVISIONING_PROFILE_SPECIFIER = "";
				SUPPORTED_PLATFORMS = "iphoneos iphonesimulator macosx";
				SUPPORTS_MACCATALYST = NO;
				SWIFT_EMIT_LOC_STRINGS = YES;
				SWIFT_VERSION = 5.0;
				TARGETED_DEVICE_FAMILY = "1,2";
			};
			name = Debug;
		};
		6051F04A2B8396C5005DA335 /* Release */ = {
			isa = XCBuildConfiguration;
			buildSettings = {
				ASSETCATALOG_COMPILER_APPICON_NAME = AppIcon;
				ASSETCATALOG_COMPILER_GLOBAL_ACCENT_COLOR_NAME = AccentColor;
				BUILD_LIBRARY_FOR_DISTRIBUTION = NO;
				CODE_SIGN_ENTITLEMENTS = "Salaì/Salai_.entitlements";
				CODE_SIGN_IDENTITY = "Apple Development";
				CODE_SIGN_STYLE = Automatic;
				COMBINE_HIDPI_IMAGES = YES;
				CURRENT_PROJECT_VERSION = 1;
				DEVELOPMENT_ASSET_PATHS = "\"Salaì/Preview Content\"";
				DEVELOPMENT_TEAM = Z993Z64L49;
				ENABLE_HARDENED_RUNTIME = YES;
				ENABLE_PREVIEWS = YES;
				GENERATE_INFOPLIST_FILE = YES;
				INFOPLIST_FILE = "Salai--Info.plist";
				INFOPLIST_KEY_NSHumanReadableCopyright = "";
				INFOPLIST_KEY_UIStatusBarStyle = "";
				IPHONEOS_DEPLOYMENT_TARGET = 16.2;
				LD_RUNPATH_SEARCH_PATHS = (
					"$(inherited)",
					"@executable_path/../Frameworks",
				);
				MARKETING_VERSION = 1.0;
				PRODUCT_BUNDLE_IDENTIFIER = claudiomarciello.SalAI;
				PRODUCT_NAME = "$(TARGET_NAME)";
				PROVISIONING_PROFILE_SPECIFIER = "";
				SUPPORTED_PLATFORMS = "iphoneos iphonesimulator macosx";
				SUPPORTS_MACCATALYST = NO;
				SWIFT_EMIT_LOC_STRINGS = YES;
				SWIFT_VERSION = 5.0;
				TARGETED_DEVICE_FAMILY = "1,2";
			};
			name = Release;
		};
		6051F04C2B8396C5005DA335 /* Debug */ = {
			isa = XCBuildConfiguration;
			buildSettings = {
				ALWAYS_EMBED_SWIFT_STANDARD_LIBRARIES = YES;
				BUNDLE_LOADER = "$(TEST_HOST)";
				CODE_SIGN_STYLE = Automatic;
				CURRENT_PROJECT_VERSION = 1;
				DEVELOPMENT_TEAM = Z993Z64L49;
				GENERATE_INFOPLIST_FILE = YES;
				MACOSX_DEPLOYMENT_TARGET = 14.0;
				MARKETING_VERSION = 1.0;
				PRODUCT_BUNDLE_IDENTIFIER = "com.claudiomarciello.Salai-Tests";
				PRODUCT_NAME = "$(TARGET_NAME)";
				SWIFT_EMIT_LOC_STRINGS = NO;
				SWIFT_VERSION = 5.0;
				TEST_HOST = "$(BUILT_PRODUCTS_DIR)/Salaì.app/$(BUNDLE_EXECUTABLE_FOLDER_PATH)/Salaì";
			};
			name = Debug;
		};
		6051F04D2B8396C5005DA335 /* Release */ = {
			isa = XCBuildConfiguration;
			buildSettings = {
				ALWAYS_EMBED_SWIFT_STANDARD_LIBRARIES = YES;
				BUNDLE_LOADER = "$(TEST_HOST)";
				CODE_SIGN_STYLE = Automatic;
				CURRENT_PROJECT_VERSION = 1;
				DEVELOPMENT_TEAM = Z993Z64L49;
				GENERATE_INFOPLIST_FILE = YES;
				MACOSX_DEPLOYMENT_TARGET = 14.0;
				MARKETING_VERSION = 1.0;
				PRODUCT_BUNDLE_IDENTIFIER = "com.claudiomarciello.Salai-Tests";
				PRODUCT_NAME = "$(TARGET_NAME)";
				SWIFT_EMIT_LOC_STRINGS = NO;
				SWIFT_VERSION = 5.0;
				TEST_HOST = "$(BUILT_PRODUCTS_DIR)/Salaì.app/$(BUNDLE_EXECUTABLE_FOLDER_PATH)/Salaì";
			};
			name = Release;
		};
		6051F04F2B8396C5005DA335 /* Debug */ = {
			isa = XCBuildConfiguration;
			buildSettings = {
				ALWAYS_EMBED_SWIFT_STANDARD_LIBRARIES = YES;
				CODE_SIGN_STYLE = Automatic;
				CURRENT_PROJECT_VERSION = 1;
				DEVELOPMENT_TEAM = Z993Z64L49;
				GENERATE_INFOPLIST_FILE = YES;
				MARKETING_VERSION = 1.0;
				PRODUCT_BUNDLE_IDENTIFIER = "com.claudiomarciello.Salai-UITests";
				PRODUCT_NAME = "$(TARGET_NAME)";
				SWIFT_EMIT_LOC_STRINGS = NO;
				SWIFT_VERSION = 5.0;
				TEST_TARGET_NAME = "Salaì";
			};
			name = Debug;
		};
		6051F0502B8396C5005DA335 /* Release */ = {
			isa = XCBuildConfiguration;
			buildSettings = {
				ALWAYS_EMBED_SWIFT_STANDARD_LIBRARIES = YES;
				CODE_SIGN_STYLE = Automatic;
				CURRENT_PROJECT_VERSION = 1;
				DEVELOPMENT_TEAM = Z993Z64L49;
				GENERATE_INFOPLIST_FILE = YES;
				MARKETING_VERSION = 1.0;
				PRODUCT_BUNDLE_IDENTIFIER = "com.claudiomarciello.Salai-UITests";
				PRODUCT_NAME = "$(TARGET_NAME)";
				SWIFT_EMIT_LOC_STRINGS = NO;
				SWIFT_VERSION = 5.0;
				TEST_TARGET_NAME = "Salaì";
			};
			name = Release;
		};
/* End XCBuildConfiguration section */

/* Begin XCConfigurationList section */
		6051F01E2B8396C2005DA335 /* Build configuration list for PBXProject "Salaì" */ = {
			isa = XCConfigurationList;
			buildConfigurations = (
				6051F0462B8396C5005DA335 /* Debug */,
				6051F0472B8396C5005DA335 /* Release */,
			);
			defaultConfigurationIsVisible = 0;
			defaultConfigurationName = Release;
		};
		6051F0482B8396C5005DA335 /* Build configuration list for PBXNativeTarget "Salaì" */ = {
			isa = XCConfigurationList;
			buildConfigurations = (
				6051F0492B8396C5005DA335 /* Debug */,
				6051F04A2B8396C5005DA335 /* Release */,
			);
			defaultConfigurationIsVisible = 0;
			defaultConfigurationName = Release;
		};
		6051F04B2B8396C5005DA335 /* Build configuration list for PBXNativeTarget "SalaìTests" */ = {
			isa = XCConfigurationList;
			buildConfigurations = (
				6051F04C2B8396C5005DA335 /* Debug */,
				6051F04D2B8396C5005DA335 /* Release */,
			);
			defaultConfigurationIsVisible = 0;
			defaultConfigurationName = Release;
		};
		6051F04E2B8396C5005DA335 /* Build configuration list for PBXNativeTarget "SalaìUITests" */ = {
			isa = XCConfigurationList;
			buildConfigurations = (
				6051F04F2B8396C5005DA335 /* Debug */,
				6051F0502B8396C5005DA335 /* Release */,
			);
			defaultConfigurationIsVisible = 0;
			defaultConfigurationName = Release;
		};
/* End XCConfigurationList section */
	};
	rootObject = 6051F01B2B8396C2005DA335 /* Project object */;
}
